
Microsoft Visual Studio Solution File, Format Version 12.00
# Visual Studio 15
VisualStudioVersion = 15.0.27428.2015
MinimumVisualStudioVersion = 10.0.40219.1
Project("{FAE04EC0-301F-11D3-BF4B-00C04F79EFBC}") = "LauncherBot", "LauncherBot\LauncherBot.csproj", "{E55A3F34-F77D-441D-9F33-CF0102A48C9E}"
EndProject
Global
	GlobalSection(SolutionConfigurationPlatforms) = preSolution
		Debug|Any CPU = Debug|Any CPU
		Release|Any CPU = Release|Any CPU
	EndGlobalSection
	GlobalSection(ProjectConfigurationPlatforms) = postSolution
		{E55A3F34-F77D-441D-9F33-CF0102A48C9E}.Debug|Any CPU.ActiveCfg = Debug|Any CPU
		{E55A3F34-F77D-441D-9F33-CF0102A48C9E}.Debug|Any CPU.Build.0 = Debug|Any CPU
		{E55A3F34-F77D-441D-9F33-CF0102A48C9E}.Release|Any CPU.ActiveCfg = Release|Any CPU
		{E55A3F34-F77D-441D-9F33-CF0102A48C9E}.Release|Any CPU.Build.0 = Release|Any CPU
	EndGlobalSection
	GlobalSection(SolutionProperties) = preSolution
		HideSolutionNode = FALSE
	EndGlobalSection
	GlobalSection(ExtensibilityGlobals) = postSolution
		SolutionGuid = {C3BB27CB-460D-4F68-A248-04CB7FBF6613}
	EndGlobalSection
EndGlobal
